
Microsoft Visual Studio Solution File, Format Version 12.00
# Visual Studio Version 16
VisualStudioVersion = 16.0.31624.102
MinimumVisualStudioVersion = 10.0.40219.1
Project("{2150E333-8FDC-42A3-9474-1A3956D46DE8}") = "src", "src", "{1BFAEAF9-612F-4703-8A25-260E645C937F}"
EndProject
Project("{9A19103F-16F7-4668-BE54-9A1E7A4F7556}") = "AWSLambdaDependencyInjection", "src\AWSLambdaDependencyInjection\AWSLambdaDependencyInjection.csproj", "{9C619B68-D90A-4E27-A2BC-CBF51941B2EB}"
EndProject
Project("{2150E333-8FDC-42A3-9474-1A3956D46DE8}") = "Solution Items", "Solution Items", "{36D247EC-6E4E-451D-A1DD-8B9DE2425AF5}"
	ProjectSection(SolutionItems) = preProject
		Readme.md = Readme.md
	EndProjectSection
EndProject
Global
	GlobalSection(SolutionConfigurationPlatforms) = preSolution
		Debug|Any CPU = Debug|Any CPU
		Release|Any CPU = Release|Any CPU
	EndGlobalSection
	GlobalSection(ProjectConfigurationPlatforms) = postSolution
		{9C619B68-D90A-4E27-A2BC-CBF51941B2EB}.Debug|Any CPU.ActiveCfg = Debug|Any CPU
		{9C619B68-D90A-4E27-A2BC-CBF51941B2EB}.Debug|Any CPU.Build.0 = Debug|Any CPU
		{9C619B68-D90A-4E27-A2BC-CBF51941B2EB}.Release|Any CPU.ActiveCfg = Release|Any CPU
		{9C619B68-D90A-4E27-A2BC-CBF51941B2EB}.Release|Any CPU.Build.0 = Release|Any CPU
	EndGlobalSection
	GlobalSection(SolutionProperties) = preSolution
		HideSolutionNode = FALSE
	EndGlobalSection
	GlobalSection(NestedProjects) = preSolution
		{9C619B68-D90A-4E27-A2BC-CBF51941B2EB} = {1BFAEAF9-612F-4703-8A25-260E645C937F}
	EndGlobalSection
	GlobalSection(ExtensibilityGlobals) = postSolution
		SolutionGuid = {D60E34F4-741E-4CBA-BE07-12E39A05181C}
	EndGlobalSection
EndGlobal
